{
    "_meta": {
        "hash": {
            "sha256": "5b57badb205edafcd39c9e326c759e731c63dd0324121f2b5022245a3d26ce1e"
        },
        "pipfile-spec": 6,
        "requires": {
            "python_full_version": "3.12.3",
            "python_version": "3.12"
        },
        "sources": [
            {
                "name": "pypi",
                "url": "https://pypi.org/simple",
                "verify_ssl": true
            }
        ]
    },
    "default": {
        "build": {
            "hashes": [
                "sha256:526263f4870c26f26c433545579475377b2b7588b6f1eac76a001e873ae3e19d",
                "sha256:75e10f767a433d9a86e50d83f418e83efc18ede923ee5ff7df93b6cb0306c5d4"
            ],
            "index": "pypi",
            "markers": "python_version >= '3.8'",
            "version": "==1.2.1"
        },
        "colorama": {
            "hashes": [
                "sha256:08695f5cb7ed6e0531a20572697297273c47b8cae5a63ffc6d6ed5c201be6e44",
                "sha256:4f1d9991f5acc0ca119f9d443620b77f9d6b33703e51011c16baf57afb285fc6"
            ],
            "markers": "os_name == 'nt'",
            "version": "==0.4.6"
        },
        "packaging": {
            "hashes": [
                "sha256:026ed72c8ed3fcce5bf8950572258698927fd1dbda10a5e981cdf0ac37f4f002",
                "sha256:5b8f2217dbdbd2f7f384c41c628544e6d52f2d0f53c6d0c3ea61aa5d1d7ff124"
            ],
            "markers": "python_version >= '3.8'",
            "version": "==24.1"
        },
        "pypinyin": {
            "hashes": [
                "sha256:ae8878f08fee15d0c5c11053a737e68a4158c22c63dc632b4de060af5c95bf84",
                "sha256:cede34fc35a79ef6c799f161e2c280e7b6755ee072fb741cae5ce2a60c4ae0c5"
            ],
            "index": "pypi",
            "markers": "python_version >= '2.6' and python_version not in '3.0, 3.1, 3.2, 3.3' and python_version < '4'",
            "version": "==0.51.0"
        },
        "pyproject-hooks": {
            "hashes": [
                "sha256:4b37730834edbd6bd37f26ece6b44802fb1c1ee2ece0e54ddff8bfc06db86965",
                "sha256:7ceeefe9aec63a1064c18d939bdc3adf2d8aa1988a510afec15151578b232aa2"
            ],
            "markers": "python_version >= '3.7'",
            "version": "==1.1.0"
        }
    },
    "develop": {}
}
